
Microsoft Visual Studio Solution File, Format Version 12.00
# Visual Studio Version 17
VisualStudioVersion = 17.7.34024.191
MinimumVisualStudioVersion = 10.0.40219.1
Project("{9A19103F-16F7-4668-BE54-9A1E7A4F7556}") = "SaberActionsQuiz", "SaberActionsQuiz\SaberActionsQuiz.csproj", "{845F2DCA-6B74-4B59-B4ED-C269E007C5D0}"
EndProject
Project("{9A19103F-16F7-4668-BE54-9A1E7A4F7556}") = "Tests", "Tests\Tests.csproj", "{BC905F4F-113E-4757-8CFA-313A297E4108}"
EndProject
Project("{00D1A9C2-B5F0-4AF3-8072-F6C62B433612}") = "FencingDatabase", "FencingDatabase\FencingDatabase.sqlproj", "{5966B39F-1792-452F-AA44-3E244717FAE7}"
EndProject
Global
	GlobalSection(SolutionConfigurationPlatforms) = preSolution
		Debug|Any CPU = Debug|Any CPU
		Release|Any CPU = Release|Any CPU
	EndGlobalSection
	GlobalSection(ProjectConfigurationPlatforms) = postSolution
		{845F2DCA-6B74-4B59-B4ED-C269E007C5D0}.Debug|Any CPU.ActiveCfg = Debug|Any CPU
		{845F2DCA-6B74-4B59-B4ED-C269E007C5D0}.Debug|Any CPU.Build.0 = Debug|Any CPU
		{845F2DCA-6B74-4B59-B4ED-C269E007C5D0}.Release|Any CPU.ActiveCfg = Release|Any CPU
		{845F2DCA-6B74-4B59-B4ED-C269E007C5D0}.Release|Any CPU.Build.0 = Release|Any CPU
		{BC905F4F-113E-4757-8CFA-313A297E4108}.Debug|Any CPU.ActiveCfg = Debug|Any CPU
		{BC905F4F-113E-4757-8CFA-313A297E4108}.Debug|Any CPU.Build.0 = Debug|Any CPU
		{BC905F4F-113E-4757-8CFA-313A297E4108}.Release|Any CPU.ActiveCfg = Release|Any CPU
		{BC905F4F-113E-4757-8CFA-313A297E4108}.Release|Any CPU.Build.0 = Release|Any CPU
		{5966B39F-1792-452F-AA44-3E244717FAE7}.Debug|Any CPU.ActiveCfg = Debug|Any CPU
		{5966B39F-1792-452F-AA44-3E244717FAE7}.Debug|Any CPU.Build.0 = Debug|Any CPU
		{5966B39F-1792-452F-AA44-3E244717FAE7}.Debug|Any CPU.Deploy.0 = Debug|Any CPU
		{5966B39F-1792-452F-AA44-3E244717FAE7}.Release|Any CPU.ActiveCfg = Release|Any CPU
		{5966B39F-1792-452F-AA44-3E244717FAE7}.Release|Any CPU.Build.0 = Release|Any CPU
		{5966B39F-1792-452F-AA44-3E244717FAE7}.Release|Any CPU.Deploy.0 = Release|Any CPU
	EndGlobalSection
	GlobalSection(SolutionProperties) = preSolution
		HideSolutionNode = FALSE
	EndGlobalSection
	GlobalSection(ExtensibilityGlobals) = postSolution
		SolutionGuid = {BD64E45B-1330-4A65-B196-A834EE257A9E}
	EndGlobalSection
EndGlobal
